
Microsoft Visual Studio Solution File, Format Version 12.00
# Visual Studio Version 16
VisualStudioVersion = 16.0.31205.134
MinimumVisualStudioVersion = 10.0.40219.1
Project("{FAE04EC0-301F-11D3-BF4B-00C04F79EFBC}") = "MexicoEditorTool", "MexicoEditorTool\MexicoEditorTool.csproj", "{A5588F12-5FBC-4FA0-ADCF-2907F843FAA6}"
EndProject
Global
	GlobalSection(SolutionConfigurationPlatforms) = preSolution
		Debug|Any CPU = Debug|Any CPU
		Release|Any CPU = Release|Any CPU
	EndGlobalSection
	GlobalSection(ProjectConfigurationPlatforms) = postSolution
		{A5588F12-5FBC-4FA0-ADCF-2907F843FAA6}.Debug|Any CPU.ActiveCfg = Debug|Any CPU
		{A5588F12-5FBC-4FA0-ADCF-2907F843FAA6}.Debug|Any CPU.Build.0 = Debug|Any CPU
		{A5588F12-5FBC-4FA0-ADCF-2907F843FAA6}.Release|Any CPU.ActiveCfg = Release|Any CPU
		{A5588F12-5FBC-4FA0-ADCF-2907F843FAA6}.Release|Any CPU.Build.0 = Release|Any CPU
	EndGlobalSection
	GlobalSection(SolutionProperties) = preSolution
		HideSolutionNode = FALSE
	EndGlobalSection
	GlobalSection(ExtensibilityGlobals) = postSolution
		SolutionGuid = {F8AB3B63-B968-41CE-9CC8-F812BA0E644F}
	EndGlobalSection
EndGlobal
